
Microsoft Visual Studio Solution File, Format Version 12.00
# Visual Studio Version 17
VisualStudioVersion = 17.2.32602.215
MinimumVisualStudioVersion = 10.0.40219.1
Project("{FAE04EC0-301F-11D3-BF4B-00C04F79EFBC}") = "Vista", "Vista\Vista.csproj", "{51C6E3EE-EBDF-4C3B-B5F1-0B29DA41F9E6}"
EndProject
Project("{FAE04EC0-301F-11D3-BF4B-00C04F79EFBC}") = "Controladora", "Controladora\Controladora.csproj", "{31926861-09F0-4A31-8FDA-1280DE308E17}"
EndProject
Project("{FAE04EC0-301F-11D3-BF4B-00C04F79EFBC}") = "Entidades", "Entidades\Entidades.csproj", "{8830CFCA-BA9B-4A28-917D-5F65BBDAB57A}"
EndProject
Project("{FAE04EC0-301F-11D3-BF4B-00C04F79EFBC}") = "Acceso a Datos", "Modelo\Acceso a Datos.csproj", "{82F41CAE-9A75-4261-AFFF-9E2B90A94CF6}"
EndProject
Project("{FAE04EC0-301F-11D3-BF4B-00C04F79EFBC}") = "Utilidades", "Servicios\Utilidades.csproj", "{9853A0CC-B836-491A-91D9-5BBCD6F21EBC}"
EndProject
Project("{F14B399A-7131-4C87-9E4B-1186C45EF12D}") = "ReportServer", "ReportServer\ReportServer.rptproj", "{E0D38A19-9C7E-4005-AE83-21AA71379E8E}"
EndProject
Global
	GlobalSection(SolutionConfigurationPlatforms) = preSolution
		Debug|Any CPU = Debug|Any CPU
		DebugLocal|Any CPU = DebugLocal|Any CPU
		Release|Any CPU = Release|Any CPU
	EndGlobalSection
	GlobalSection(ProjectConfigurationPlatforms) = postSolution
		{51C6E3EE-EBDF-4C3B-B5F1-0B29DA41F9E6}.Debug|Any CPU.ActiveCfg = Debug|Any CPU
		{51C6E3EE-EBDF-4C3B-B5F1-0B29DA41F9E6}.Debug|Any CPU.Build.0 = Debug|Any CPU
		{51C6E3EE-EBDF-4C3B-B5F1-0B29DA41F9E6}.DebugLocal|Any CPU.ActiveCfg = Debug|Any CPU
		{51C6E3EE-EBDF-4C3B-B5F1-0B29DA41F9E6}.DebugLocal|Any CPU.Build.0 = Debug|Any CPU
		{51C6E3EE-EBDF-4C3B-B5F1-0B29DA41F9E6}.Release|Any CPU.ActiveCfg = Release|Any CPU
		{51C6E3EE-EBDF-4C3B-B5F1-0B29DA41F9E6}.Release|Any CPU.Build.0 = Release|Any CPU
		{31926861-09F0-4A31-8FDA-1280DE308E17}.Debug|Any CPU.ActiveCfg = Debug|Any CPU
		{31926861-09F0-4A31-8FDA-1280DE308E17}.Debug|Any CPU.Build.0 = Debug|Any CPU
		{31926861-09F0-4A31-8FDA-1280DE308E17}.DebugLocal|Any CPU.ActiveCfg = Debug|Any CPU
		{31926861-09F0-4A31-8FDA-1280DE308E17}.DebugLocal|Any CPU.Build.0 = Debug|Any CPU
		{31926861-09F0-4A31-8FDA-1280DE308E17}.Release|Any CPU.ActiveCfg = Release|Any CPU
		{31926861-09F0-4A31-8FDA-1280DE308E17}.Release|Any CPU.Build.0 = Release|Any CPU
		{8830CFCA-BA9B-4A28-917D-5F65BBDAB57A}.Debug|Any CPU.ActiveCfg = Debug|Any CPU
		{8830CFCA-BA9B-4A28-917D-5F65BBDAB57A}.Debug|Any CPU.Build.0 = Debug|Any CPU
		{8830CFCA-BA9B-4A28-917D-5F65BBDAB57A}.DebugLocal|Any CPU.ActiveCfg = Debug|Any CPU
		{8830CFCA-BA9B-4A28-917D-5F65BBDAB57A}.DebugLocal|Any CPU.Build.0 = Debug|Any CPU
		{8830CFCA-BA9B-4A28-917D-5F65BBDAB57A}.Release|Any CPU.ActiveCfg = Release|Any CPU
		{8830CFCA-BA9B-4A28-917D-5F65BBDAB57A}.Release|Any CPU.Build.0 = Release|Any CPU
		{82F41CAE-9A75-4261-AFFF-9E2B90A94CF6}.Debug|Any CPU.ActiveCfg = Debug|Any CPU
		{82F41CAE-9A75-4261-AFFF-9E2B90A94CF6}.Debug|Any CPU.Build.0 = Debug|Any CPU
		{82F41CAE-9A75-4261-AFFF-9E2B90A94CF6}.DebugLocal|Any CPU.ActiveCfg = Debug|Any CPU
		{82F41CAE-9A75-4261-AFFF-9E2B90A94CF6}.DebugLocal|Any CPU.Build.0 = Debug|Any CPU
		{82F41CAE-9A75-4261-AFFF-9E2B90A94CF6}.Release|Any CPU.ActiveCfg = Release|Any CPU
		{82F41CAE-9A75-4261-AFFF-9E2B90A94CF6}.Release|Any CPU.Build.0 = Release|Any CPU
		{9853A0CC-B836-491A-91D9-5BBCD6F21EBC}.Debug|Any CPU.ActiveCfg = Debug|Any CPU
		{9853A0CC-B836-491A-91D9-5BBCD6F21EBC}.Debug|Any CPU.Build.0 = Debug|Any CPU
		{9853A0CC-B836-491A-91D9-5BBCD6F21EBC}.DebugLocal|Any CPU.ActiveCfg = Debug|Any CPU
		{9853A0CC-B836-491A-91D9-5BBCD6F21EBC}.DebugLocal|Any CPU.Build.0 = Debug|Any CPU
		{9853A0CC-B836-491A-91D9-5BBCD6F21EBC}.Release|Any CPU.ActiveCfg = Release|Any CPU
		{9853A0CC-B836-491A-91D9-5BBCD6F21EBC}.Release|Any CPU.Build.0 = Release|Any CPU
		{E0D38A19-9C7E-4005-AE83-21AA71379E8E}.Debug|Any CPU.ActiveCfg = Debug
		{E0D38A19-9C7E-4005-AE83-21AA71379E8E}.Debug|Any CPU.Build.0 = Debug
		{E0D38A19-9C7E-4005-AE83-21AA71379E8E}.Debug|Any CPU.Deploy.0 = Debug
		{E0D38A19-9C7E-4005-AE83-21AA71379E8E}.DebugLocal|Any CPU.ActiveCfg = DebugLocal
		{E0D38A19-9C7E-4005-AE83-21AA71379E8E}.DebugLocal|Any CPU.Build.0 = DebugLocal
		{E0D38A19-9C7E-4005-AE83-21AA71379E8E}.Release|Any CPU.ActiveCfg = Release
		{E0D38A19-9C7E-4005-AE83-21AA71379E8E}.Release|Any CPU.Build.0 = Release
		{E0D38A19-9C7E-4005-AE83-21AA71379E8E}.Release|Any CPU.Deploy.0 = Release
	EndGlobalSection
	GlobalSection(SolutionProperties) = preSolution
		HideSolutionNode = FALSE
	EndGlobalSection
	GlobalSection(ExtensibilityGlobals) = postSolution
		SolutionGuid = {C17611A3-78A3-4476-9116-24D895876A39}
	EndGlobalSection
EndGlobal
